
Microsoft Visual Studio Solution File, Format Version 12.00
# Visual Studio Version 17
VisualStudioVersion = 17.10.35122.118
MinimumVisualStudioVersion = 10.0.40219.1
Project("{FAE04EC0-301F-11D3-BF4B-00C04F79EFBC}") = "OutsystemCompany", "OutsystemCompany\OutsystemCompany.csproj", "{D67F0F51-EBEF-41C0-8A85-174850B69461}"
EndProject
Global
	GlobalSection(SolutionConfigurationPlatforms) = preSolution
		Debug|Any CPU = Debug|Any CPU
		Release|Any CPU = Release|Any CPU
	EndGlobalSection
	GlobalSection(ProjectConfigurationPlatforms) = postSolution
		{D67F0F51-EBEF-41C0-8A85-174850B69461}.Debug|Any CPU.ActiveCfg = Debug|Any CPU
		{D67F0F51-EBEF-41C0-8A85-174850B69461}.Debug|Any CPU.Build.0 = Debug|Any CPU
		{D67F0F51-EBEF-41C0-8A85-174850B69461}.Release|Any CPU.ActiveCfg = Release|Any CPU
		{D67F0F51-EBEF-41C0-8A85-174850B69461}.Release|Any CPU.Build.0 = Release|Any CPU
	EndGlobalSection
	GlobalSection(SolutionProperties) = preSolution
		HideSolutionNode = FALSE
	EndGlobalSection
	GlobalSection(ExtensibilityGlobals) = postSolution
		SolutionGuid = {59360FA3-1612-458D-A42C-B79C1460EA1B}
	EndGlobalSection
EndGlobal
